PODS:
  - Aspects (1.4.1)
  - AUULayout (0.4.1)
  - FMDB (2.7.5):
    - FMDB/standard (= 2.7.5)
  - FMDB/standard (2.7.5)
  - HandyAutoLayout (1.0.0)
  - HandyFrame (1.2.0)
  - SDWebImage (5.0.3):
    - SDWebImage/Core (= 5.0.3)
  - SDWebImage/Core (5.0.3)
  - ZLPhotoBrowser (3.0.4):
    - SDWebImage (~> 5.0.2)

DEPENDENCIES:
  - Aspects
  - AUULayout
  - FMDB
  - HandyAutoLayout
  - HandyFrame
  - SDWebImage
  - ZLPhotoBrowser

SPEC REPOS:
  https://github.com/cocoapods/specs.git:
    - Aspects
    - AUULayout
    - FMDB
    - HandyAutoLayout
    - HandyFrame
    - SDWebImage
    - ZLPhotoBrowser

SPEC CHECKSUMS:
  Aspects: 7595ba96a6727a58ebcbfc954497fc5d2fdde546
  AUULayout: cf407b90f15b7ae0ee4a9beb480231a6289385ba
  FMDB: 2ce00b547f966261cd18927a3ddb07cb6f3db82a
  HandyAutoLayout: f6ef3ab011318f8493fa868d93d9b03ceef4ef90
  HandyFrame: 437df83ba7563c56cd55b9bd0128561995463110
  SDWebImage: d4f87d7d36c8a4d9f9459dc282e0caa057fdf935
  ZLPhotoBrowser: 74f02c52b369bab0bfd7db225faf4e77fcf4d59a

PODFILE CHECKSUM: 4d0cace7144bab749e2c98a48618cbe4df1e379f

COCOAPODS: 1.5.3
