PODS:
  - Aspects (1.4.1)
  - HandyAutoLayout (1.0.0)
  - HandyFrame (1.2.0)

DEPENDENCIES:
  - Aspects
  - HandyAutoLayout
  - HandyFrame

SPEC REPOS:
  https://github.com/cocoapods/specs.git:
    - Aspects
    - HandyAutoLayout
    - HandyFrame

SPEC CHECKSUMS:
  Aspects: 7595ba96a6727a58ebcbfc954497fc5d2fdde546
  HandyAutoLayout: f6ef3ab011318f8493fa868d93d9b03ceef4ef90
  HandyFrame: 437df83ba7563c56cd55b9bd0128561995463110

PODFILE CHECKSUM: 7a94fb219bb07343a52c65c4c91db6d37ccb5621

COCOAPODS: 1.5.3
